// !$*UTF8*$!
{
	archiveVersion = 1;
	classes = {
	};
	objectVersion = 48;
	objects = {

/* Begin PBXBuildFile section */
		8523724E20A33B3B004809FA /* TopCellView.swift in Sources */ = {isa = PBXBuildFile; fileRef = 8523724C20A33B3B004809FA /* TopCellView.swift */; };
		8523724F20A33B3B004809FA /* TopCellView.xib in Resources */ = {isa = PBXBuildFile; fileRef = 8523724D20A33B3B004809FA /* TopCellView.xib */; };
		85A683382025FEAB0074754E /* AppDelegate.swift in Sources */ = {isa = PBXBuildFile; fileRef = 85A683372025FEAB0074754E /* AppDelegate.swift */; };
		85A6833A2025FEAB0074754E /* ViewController.swift in Sources */ = {isa = PBXBuildFile; fileRef = 85A683392025FEAB0074754E /* ViewController.swift */; };
		85A6833D2025FEAB0074754E /* Main.storyboard in Resources */ = {isa = PBXBuildFile; fileRef = 85A6833B2025FEAB0074754E /* Main.storyboard */; };
		85A6833F2025FEAB0074754E /* Assets.xcassets in Resources */ = {isa = PBXBuildFile; fileRef = 85A6833E2025FEAB0074754E /* Assets.xcassets */; };
		85A683422025FEAB0074754E /* LaunchScreen.storyboard in Resources */ = {isa = PBXBuildFile; fileRef = 85A683402025FEAB0074754E /* LaunchScreen.storyboard */; };
		85ABB2EC2039E76D00F46C83 /* PhoneActionCellView.swift in Sources */ = {isa = PBXBuildFile; fileRef = 85ABB2EA2039E76D00F46C83 /* PhoneActionCellView.swift */; };
		85ABB2ED2039E76D00F46C83 /* PhoneActionCellView.xib in Resources */ = {isa = PBXBuildFile; fileRef = 85ABB2EB2039E76D00F46C83 /* PhoneActionCellView.xib */; };
		85ABB2F02039E78100F46C83 /* EmailActionCellView.swift in Sources */ = {isa = PBXBuildFile; fileRef = 85ABB2EE2039E78100F46C83 /* EmailActionCellView.swift */; };
		85ABB2F12039E78100F46C83 /* EmailActionCellView.xib in Resources */ = {isa = PBXBuildFile; fileRef = 85ABB2EF2039E78100F46C83 /* EmailActionCellView.xib */; };
		85ABB2F32039F16000F46C83 /* ContactAction.swift in Sources */ = {isa = PBXBuildFile; fileRef = 85ABB2F22039F16000F46C83 /* ContactAction.swift */; };
		85FE79242027BBF300DE00B0 /* Flyer.swift in Sources */ = {isa = PBXBuildFile; fileRef = 85FE79232027BBF300DE00B0 /* Flyer.swift */; };
		85FE792C20291C2B00DE00B0 /* ContactFlyer.swift in Sources */ = {isa = PBXBuildFile; fileRef = 85FE792B20291C2B00DE00B0 /* ContactFlyer.swift */; };
		FB02EF6C203F374600BC5E4E /* SettingsViewController.swift in Sources */ = {isa = PBXBuildFile; fileRef = FB02EF6A203F374600BC5E4E /* SettingsViewController.swift */; };
		FB02EF6D203F374600BC5E4E /* SettingsViewController.xib in Resources */ = {isa = PBXBuildFile; fileRef = FB02EF6B203F374600BC5E4E /* SettingsViewController.xib */; };
		FB0B0ACA202CEE6200D0722F /* FlyerCollectionCellView.swift in Sources */ = {isa = PBXBuildFile; fileRef = FB0B0AC8202CEE6200D0722F /* FlyerCollectionCellView.swift */; };
		FB0B0ACB202CEE6200D0722F /* FlyerCollectionCellView.xib in Resources */ = {isa = PBXBuildFile; fileRef = FB0B0AC9202CEE6200D0722F /* FlyerCollectionCellView.xib */; };
		FB0B0AD0202CEF0F00D0722F /* ContactFlyerCellView.swift in Sources */ = {isa = PBXBuildFile; fileRef = FB0B0ACE202CEF0F00D0722F /* ContactFlyerCellView.swift */; };
		FB0B0AD1202CEF0F00D0722F /* ContactFlyerCellView.xib in Resources */ = {isa = PBXBuildFile; fileRef = FB0B0ACF202CEF0F00D0722F /* ContactFlyerCellView.xib */; };
		FB11EF02203780A000C6A8C4 /* FlyerCellView.swift in Sources */ = {isa = PBXBuildFile; fileRef = FB11EF01203780A000C6A8C4 /* FlyerCellView.swift */; };
		FB200301202DE81500776AD2 /* FlyerCollection.swift in Sources */ = {isa = PBXBuildFile; fileRef = FB200300202DE81500776AD2 /* FlyerCollection.swift */; };
		FB200303202E2CAE00776AD2 /* ContactHandler.swift in Sources */ = {isa = PBXBuildFile; fileRef = FB200302202E2CAE00776AD2 /* ContactHandler.swift */; };
		FB22A74E203DF99C0064BA76 /* UserData.swift in Sources */ = {isa = PBXBuildFile; fileRef = FB22A74D203DF99C0064BA76 /* UserData.swift */; };
		FB37F3E0202B8592004527CA /* Action.swift in Sources */ = {isa = PBXBuildFile; fileRef = FB37F3DF202B8592004527CA /* Action.swift */; };
		FB6E744B203DC52900C15740 /* AddCollectionViewController.swift in Sources */ = {isa = PBXBuildFile; fileRef = FB6E7449203DC52900C15740 /* AddCollectionViewController.swift */; };
		FB6E744C203DC52900C15740 /* AddCollectionViewController.xib in Resources */ = {isa = PBXBuildFile; fileRef = FB6E744A203DC52900C15740 /* AddCollectionViewController.xib */; };
		FBA2C346203785E5001791B1 /* ContactDetailViewController.swift in Sources */ = {isa = PBXBuildFile; fileRef = FBA2C344203785E5001791B1 /* ContactDetailViewController.swift */; };
		FBA2C347203785E5001791B1 /* ContactDetailViewController.xib in Resources */ = {isa = PBXBuildFile; fileRef = FBA2C345203785E5001791B1 /* ContactDetailViewController.xib */; };
		FBD9AE57203221B90039443B /* ShortcutCellView.swift in Sources */ = {isa = PBXBuildFile; fileRef = FBD9AE55203221B90039443B /* ShortcutCellView.swift */; };
		FBD9AE58203221B90039443B /* ShortcutCellView.xib in Resources */ = {isa = PBXBuildFile; fileRef = FBD9AE56203221B90039443B /* ShortcutCellView.xib */; };
/* End PBXBuildFile section */

/* Begin PBXFileReference section */
		8523724C20A33B3B004809FA /* TopCellView.swift */ = {isa = PBXFileReference; lastKnownFileType = sourcecode.swift; path = TopCellView.swift; sourceTree = "<group>"; };
		8523724D20A33B3B004809FA /* TopCellView.xib */ = {isa = PBXFileReference; lastKnownFileType = file.xib; path = TopCellView.xib; sourceTree = "<group>"; };
		85A683342025FEAB0074754E /* kiOSK.app */ = {isa = PBXFileReference; explicitFileType = wrapper.application; includeInIndex = 0; path = kiOSK.app; sourceTree = BUILT_PRODUCTS_DIR; };
		85A683372025FEAB0074754E /* AppDelegate.swift */ = {isa = PBXFileReference; lastKnownFileType = sourcecode.swift; path = AppDelegate.swift; sourceTree = "<group>"; };
		85A683392025FEAB0074754E /* ViewController.swift */ = {isa = PBXFileReference; lastKnownFileType = sourcecode.swift; path = ViewController.swift; sourceTree = "<group>"; };
		85A6833C2025FEAB0074754E /* Base */ = {isa = PBXFileReference; lastKnownFileType = file.storyboard; name = Base; path = Base.lproj/Main.storyboard; sourceTree = "<group>"; };
		85A6833E2025FEAB0074754E /* Assets.xcassets */ = {isa = PBXFileReference; lastKnownFileType = folder.assetcatalog; path = Assets.xcassets; sourceTree = "<group>"; };
		85A683412025FEAB0074754E /* Base */ = {isa = PBXFileReference; lastKnownFileType = file.storyboard; name = Base; path = Base.lproj/LaunchScreen.storyboard; sourceTree = "<group>"; };
		85A683432025FEAB0074754E /* Info.plist */ = {isa = PBXFileReference; lastKnownFileType = text.plist.xml; path = Info.plist; sourceTree = "<group>"; };
		85ABB2EA2039E76D00F46C83 /* PhoneActionCellView.swift */ = {isa = PBXFileReference; lastKnownFileType = sourcecode.swift; path = PhoneActionCellView.swift; sourceTree = "<group>"; };
		85ABB2EB2039E76D00F46C83 /* PhoneActionCellView.xib */ = {isa = PBXFileReference; lastKnownFileType = file.xib; path = PhoneActionCellView.xib; sourceTree = "<group>"; };
		85ABB2EE2039E78100F46C83 /* EmailActionCellView.swift */ = {isa = PBXFileReference; lastKnownFileType = sourcecode.swift; path = EmailActionCellView.swift; sourceTree = "<group>"; };
		85ABB2EF2039E78100F46C83 /* EmailActionCellView.xib */ = {isa = PBXFileReference; lastKnownFileType = file.xib; path = EmailActionCellView.xib; sourceTree = "<group>"; };
		85ABB2F22039F16000F46C83 /* ContactAction.swift */ = {isa = PBXFileReference; lastKnownFileType = sourcecode.swift; path = ContactAction.swift; sourceTree = "<group>"; };
		85FE79232027BBF300DE00B0 /* Flyer.swift */ = {isa = PBXFileReference; lastKnownFileType = sourcecode.swift; path = Flyer.swift; sourceTree = "<group>"; };
		85FE792B20291C2B00DE00B0 /* ContactFlyer.swift */ = {isa = PBXFileReference; lastKnownFileType = sourcecode.swift; path = ContactFlyer.swift; sourceTree = "<group>"; };
		FB02EF6A203F374600BC5E4E /* SettingsViewController.swift */ = {isa = PBXFileReference; lastKnownFileType = sourcecode.swift; path = SettingsViewController.swift; sourceTree = "<group>"; };
		FB02EF6B203F374600BC5E4E /* SettingsViewController.xib */ = {isa = PBXFileReference; lastKnownFileType = file.xib; path = SettingsViewController.xib; sourceTree = "<group>"; };
		FB0B0AC8202CEE6200D0722F /* FlyerCollectionCellView.swift */ = {isa = PBXFileReference; lastKnownFileType = sourcecode.swift; path = FlyerCollectionCellView.swift; sourceTree = "<group>"; };
		FB0B0AC9202CEE6200D0722F /* FlyerCollectionCellView.xib */ = {isa = PBXFileReference; lastKnownFileType = file.xib; path = FlyerCollectionCellView.xib; sourceTree = "<group>"; };
		FB0B0ACE202CEF0F00D0722F /* ContactFlyerCellView.swift */ = {isa = PBXFileReference; lastKnownFileType = sourcecode.swift; path = ContactFlyerCellView.swift; sourceTree = "<group>"; };
		FB0B0ACF202CEF0F00D0722F /* ContactFlyerCellView.xib */ = {isa = PBXFileReference; lastKnownFileType = file.xib; path = ContactFlyerCellView.xib; sourceTree = "<group>"; };
		FB11EF01203780A000C6A8C4 /* FlyerCellView.swift */ = {isa = PBXFileReference; lastKnownFileType = sourcecode.swift; path = FlyerCellView.swift; sourceTree = "<group>"; };
		FB200300202DE81500776AD2 /* FlyerCollection.swift */ = {isa = PBXFileReference; lastKnownFileType = sourcecode.swift; path = FlyerCollection.swift; sourceTree = "<group>"; };
		FB200302202E2CAE00776AD2 /* ContactHandler.swift */ = {isa = PBXFileReference; lastKnownFileType = sourcecode.swift; path = ContactHandler.swift; sourceTree = "<group>"; };
		FB22A74D203DF99C0064BA76 /* UserData.swift */ = {isa = PBXFileReference; lastKnownFileType = sourcecode.swift; path = UserData.swift; sourceTree = "<group>"; };
		FB37F3DF202B8592004527CA /* Action.swift */ = {isa = PBXFileReference; lastKnownFileType = sourcecode.swift; path = Action.swift; sourceTree = "<group>"; };
		FB6E7449203DC52900C15740 /* AddCollectionViewController.swift */ = {isa = PBXFileReference; lastKnownFileType = sourcecode.swift; path = AddCollectionViewController.swift; sourceTree = "<group>"; };
		FB6E744A203DC52900C15740 /* AddCollectionViewController.xib */ = {isa = PBXFileReference; lastKnownFileType = file.xib; path = AddCollectionViewController.xib; sourceTree = "<group>"; };
		FBA2C344203785E5001791B1 /* ContactDetailViewController.swift */ = {isa = PBXFileReference; lastKnownFileType = sourcecode.swift; path = ContactDetailViewController.swift; sourceTree = "<group>"; };
		FBA2C345203785E5001791B1 /* ContactDetailViewController.xib */ = {isa = PBXFileReference; lastKnownFileType = file.xib; path = ContactDetailViewController.xib; sourceTree = "<group>"; };
		FBD9AE55203221B90039443B /* ShortcutCellView.swift */ = {isa = PBXFileReference; lastKnownFileType = sourcecode.swift; path = ShortcutCellView.swift; sourceTree = "<group>"; };
		FBD9AE56203221B90039443B /* ShortcutCellView.xib */ = {isa = PBXFileReference; lastKnownFileType = file.xib; path = ShortcutCellView.xib; sourceTree = "<group>"; };
/* End PBXFileReference section */

/* Begin PBXFrameworksBuildPhase section */
		85A683312025FEAB0074754E /* Frameworks */ = {
			isa = PBXFrameworksBuildPhase;
			buildActionMask = 2147483647;
			files = (
			);
			runOnlyForDeploymentPostprocessing = 0;
		};
/* End PBXFrameworksBuildPhase section */

/* Begin PBXGroup section */
		85A6832B2025FEAB0074754E = {
			isa = PBXGroup;
			children = (
				85A683362025FEAB0074754E /* Lamppost */,
				85A683352025FEAB0074754E /* Products */,
			);
			sourceTree = "<group>";
		};
		85A683352025FEAB0074754E /* Products */ = {
			isa = PBXGroup;
			children = (
				85A683342025FEAB0074754E /* kiOSK.app */,
			);
			name = Products;
			sourceTree = "<group>";
		};
		85A683362025FEAB0074754E /* Lamppost */ = {
			isa = PBXGroup;
			children = (
				85A683372025FEAB0074754E /* AppDelegate.swift */,
				85A6833E2025FEAB0074754E /* Assets.xcassets */,
				85A683432025FEAB0074754E /* Info.plist */,
				85A6834C2027BA670074754E /* Storyboards */,
				85A6834B2027BA4C0074754E /* Controllers */,
				85A6834A2027BA420074754E /* Views */,
				85A683492027BA330074754E /* Models */,
			);
			path = Lamppost;
			sourceTree = "<group>";
		};
		85A683492027BA330074754E /* Models */ = {
			isa = PBXGroup;
			children = (
				85FE79232027BBF300DE00B0 /* Flyer.swift */,
				FB200300202DE81500776AD2 /* FlyerCollection.swift */,
				85FE792B20291C2B00DE00B0 /* ContactFlyer.swift */,
				FB200302202E2CAE00776AD2 /* ContactHandler.swift */,
				FB37F3DF202B8592004527CA /* Action.swift */,
				85ABB2F22039F16000F46C83 /* ContactAction.swift */,
				FB22A74D203DF99C0064BA76 /* UserData.swift */,
			);
			path = Models;
			sourceTree = "<group>";
		};
		85A6834A2027BA420074754E /* Views */ = {
			isa = PBXGroup;
			children = (
				8523724C20A33B3B004809FA /* TopCellView.swift */,
				8523724D20A33B3B004809FA /* TopCellView.xib */,
				FB0B0AC8202CEE6200D0722F /* FlyerCollectionCellView.swift */,
				FB0B0AC9202CEE6200D0722F /* FlyerCollectionCellView.xib */,
				FB0B0ACE202CEF0F00D0722F /* ContactFlyerCellView.swift */,
				FB0B0ACF202CEF0F00D0722F /* ContactFlyerCellView.xib */,
				FB11EF01203780A000C6A8C4 /* FlyerCellView.swift */,
				FBD9AE55203221B90039443B /* ShortcutCellView.swift */,
				FBD9AE56203221B90039443B /* ShortcutCellView.xib */,
				85ABB2EA2039E76D00F46C83 /* PhoneActionCellView.swift */,
				85ABB2EB2039E76D00F46C83 /* PhoneActionCellView.xib */,
				85ABB2EE2039E78100F46C83 /* EmailActionCellView.swift */,
				85ABB2EF2039E78100F46C83 /* EmailActionCellView.xib */,
			);
			path = Views;
			sourceTree = "<group>";
		};
		85A6834B2027BA4C0074754E /* Controllers */ = {
			isa = PBXGroup;
			children = (
				85A683392025FEAB0074754E /* ViewController.swift */,
				FBA2C344203785E5001791B1 /* ContactDetailViewController.swift */,
				FBA2C345203785E5001791B1 /* ContactDetailViewController.xib */,
				FB6E7449203DC52900C15740 /* AddCollectionViewController.swift */,
				FB6E744A203DC52900C15740 /* AddCollectionViewController.xib */,
				FB02EF6A203F374600BC5E4E /* SettingsViewController.swift */,
				FB02EF6B203F374600BC5E4E /* SettingsViewController.xib */,
			);
			path = Controllers;
			sourceTree = "<group>";
		};
		85A6834C2027BA670074754E /* Storyboards */ = {
			isa = PBXGroup;
			children = (
				85A6833B2025FEAB0074754E /* Main.storyboard */,
				85A683402025FEAB0074754E /* LaunchScreen.storyboard */,
			);
			path = Storyboards;
			sourceTree = "<group>";
		};
/* End PBXGroup section */

/* Begin PBXNativeTarget section */
		85A683332025FEAB0074754E /* kiOSK */ = {
			isa = PBXNativeTarget;
			buildConfigurationList = 85A683462025FEAB0074754E /* Build configuration list for PBXNativeTarget "kiOSK" */;
			buildPhases = (
				85A683302025FEAB0074754E /* Sources */,
				85A683312025FEAB0074754E /* Frameworks */,
				85A683322025FEAB0074754E /* Resources */,
			);
			buildRules = (
			);
			dependencies = (
			);
			name = kiOSK;
			productName = Lamppost;
			productReference = 85A683342025FEAB0074754E /* kiOSK.app */;
			productType = "com.apple.product-type.application";
		};
/* End PBXNativeTarget section */

/* Begin PBXProject section */
		85A6832C2025FEAB0074754E /* Project object */ = {
			isa = PBXProject;
			attributes = {
				LastSwiftUpdateCheck = 0920;
				LastUpgradeCheck = 0920;
				ORGANIZATIONNAME = Lamppost;
				TargetAttributes = {
					85A683332025FEAB0074754E = {
						CreatedOnToolsVersion = 9.2;
						ProvisioningStyle = Automatic;
					};
				};
			};
			buildConfigurationList = 85A6832F2025FEAB0074754E /* Build configuration list for PBXProject "kiOSK" */;
			compatibilityVersion = "Xcode 8.0";
			developmentRegion = en;
			hasScannedForEncodings = 0;
			knownRegions = (
				en,
				Base,
			);
			mainGroup = 85A6832B2025FEAB0074754E;
			productRefGroup = 85A683352025FEAB0074754E /* Products */;
			projectDirPath = "";
			projectRoot = "";
			targets = (
				85A683332025FEAB0074754E /* kiOSK */,
			);
		};
/* End PBXProject section */

/* Begin PBXResourcesBuildPhase section */
		85A683322025FEAB0074754E /* Resources */ = {
			isa = PBXResourcesBuildPhase;
			buildActionMask = 2147483647;
			files = (
				FB02EF6D203F374600BC5E4E /* SettingsViewController.xib in Resources */,
				85ABB2ED2039E76D00F46C83 /* PhoneActionCellView.xib in Resources */,
				85A683422025FEAB0074754E /* LaunchScreen.storyboard in Resources */,
				FB0B0ACB202CEE6200D0722F /* FlyerCollectionCellView.xib in Resources */,
				FB0B0AD1202CEF0F00D0722F /* ContactFlyerCellView.xib in Resources */,
				85ABB2F12039E78100F46C83 /* EmailActionCellView.xib in Resources */,
				8523724F20A33B3B004809FA /* TopCellView.xib in Resources */,
				85A6833F2025FEAB0074754E /* Assets.xcassets in Resources */,
				FBD9AE58203221B90039443B /* ShortcutCellView.xib in Resources */,
				FBA2C347203785E5001791B1 /* ContactDetailViewController.xib in Resources */,
				85A6833D2025FEAB0074754E /* Main.storyboard in Resources */,
				FB6E744C203DC52900C15740 /* AddCollectionViewController.xib in Resources */,
			);
			runOnlyForDeploymentPostprocessing = 0;
		};
/* End PBXResourcesBuildPhase section */

/* Begin PBXSourcesBuildPhase section */
		85A683302025FEAB0074754E /* Sources */ = {
			isa = PBXSourcesBuildPhase;
			buildActionMask = 2147483647;
			files = (
				FB0B0AD0202CEF0F00D0722F /* ContactFlyerCellView.swift in Sources */,
				85FE792C20291C2B00DE00B0 /* ContactFlyer.swift in Sources */,
				FB02EF6C203F374600BC5E4E /* SettingsViewController.swift in Sources */,
				FB37F3E0202B8592004527CA /* Action.swift in Sources */,
				FBD9AE57203221B90039443B /* ShortcutCellView.swift in Sources */,
				FB22A74E203DF99C0064BA76 /* UserData.swift in Sources */,
				85ABB2F02039E78100F46C83 /* EmailActionCellView.swift in Sources */,
				8523724E20A33B3B004809FA /* TopCellView.swift in Sources */,
				85ABB2EC2039E76D00F46C83 /* PhoneActionCellView.swift in Sources */,
				FB0B0ACA202CEE6200D0722F /* FlyerCollectionCellView.swift in Sources */,
				85A6833A2025FEAB0074754E /* ViewController.swift in Sources */,
				FB11EF02203780A000C6A8C4 /* FlyerCellView.swift in Sources */,
				85ABB2F32039F16000F46C83 /* ContactAction.swift in Sources */,
				85FE79242027BBF300DE00B0 /* Flyer.swift in Sources */,
				FBA2C346203785E5001791B1 /* ContactDetailViewController.swift in Sources */,
				FB6E744B203DC52900C15740 /* AddCollectionViewController.swift in Sources */,
				FB200303202E2CAE00776AD2 /* ContactHandler.swift in Sources */,
				FB200301202DE81500776AD2 /* FlyerCollection.swift in Sources */,
				85A683382025FEAB0074754E /* AppDelegate.swift in Sources */,
			);
			runOnlyForDeploymentPostprocessing = 0;
		};
/* End PBXSourcesBuildPhase section */

/* Begin PBXVariantGroup section */
		85A6833B2025FEAB0074754E /* Main.storyboard */ = {
			isa = PBXVariantGroup;
			children = (
				85A6833C2025FEAB0074754E /* Base */,
			);
			name = Main.storyboard;
			sourceTree = "<group>";
		};
		85A683402025FEAB0074754E /* LaunchScreen.storyboard */ = {
			isa = PBXVariantGroup;
			children = (
				85A683412025FEAB0074754E /* Base */,
			);
			name = LaunchScreen.storyboard;
			sourceTree = "<group>";
		};
/* End PBXVariantGroup section */

/* Begin XCBuildConfiguration section */
		85A683442025FEAB0074754E /* Debug */ = {
			isa = XCBuildConfiguration;
			buildSettings = {
				ALWAYS_SEARCH_USER_PATHS = NO;
				CLANG_ANALYZER_NONNULL = YES;
				CLANG_ANALYZER_NUMBER_OBJECT_CONVERSION = YES_AGGRESSIVE;
				CLANG_CXX_LANGUAGE_STANDARD = "gnu++14";
				CLANG_CXX_LIBRARY = "libc++";
				CLANG_ENABLE_MODULES = YES;
				CLANG_ENABLE_OBJC_ARC = YES;
				CLANG_WARN_BLOCK_CAPTURE_AUTORELEASING = YES;
				CLANG_WARN_BOOL_CONVERSION = YES;
				CLANG_WARN_COMMA = YES;
				CLANG_WARN_CONSTANT_CONVERSION = YES;
				CLANG_WARN_DIRECT_OBJC_ISA_USAGE = YES_ERROR;
				CLANG_WARN_DOCUMENTATION_COMMENTS = YES;
				CLANG_WARN_EMPTY_BODY = YES;
				CLANG_WARN_ENUM_CONVERSION = YES;
				CLANG_WARN_INFINITE_RECURSION = YES;
				CLANG_WARN_INT_CONVERSION = YES;
				CLANG_WARN_NON_LITERAL_NULL_CONVERSION = YES;
				CLANG_WARN_OBJC_LITERAL_CONVERSION = YES;
				CLANG_WARN_OBJC_ROOT_CLASS = YES_ERROR;
				CLANG_WARN_RANGE_LOOP_ANALYSIS = YES;
				CLANG_WARN_STRICT_PROTOTYPES = YES;
				CLANG_WARN_SUSPICIOUS_MOVE = YES;
				CLANG_WARN_UNGUARDED_AVAILABILITY = YES_AGGRESSIVE;
				CLANG_WARN_UNREACHABLE_CODE = YES;
				CLANG_WARN__DUPLICATE_METHOD_MATCH = YES;
				CODE_SIGN_IDENTITY = "iPhone Developer";
				COPY_PHASE_STRIP = NO;
				DEBUG_INFORMATION_FORMAT = dwarf;
				ENABLE_STRICT_OBJC_MSGSEND = YES;
				ENABLE_TESTABILITY = YES;
				GCC_C_LANGUAGE_STANDARD = gnu11;
				GCC_DYNAMIC_NO_PIC = NO;
				GCC_NO_COMMON_BLOCKS = YES;
				GCC_OPTIMIZATION_LEVEL = 0;
				GCC_PREPROCESSOR_DEFINITIONS = (
					"DEBUG=1",
					"$(inherited)",
				);
				GCC_WARN_64_TO_32_BIT_CONVERSION = YES;
				GCC_WARN_ABOUT_RETURN_TYPE = YES_ERROR;
				GCC_WARN_UNDECLARED_SELECTOR = YES;
				GCC_WARN_UNINITIALIZED_AUTOS = YES_AGGRESSIVE;
				GCC_WARN_UNUSED_FUNCTION = YES;
				GCC_WARN_UNUSED_VARIABLE = YES;
				IPHONEOS_DEPLOYMENT_TARGET = 11.2;
				MTL_ENABLE_DEBUG_INFO = YES;
				ONLY_ACTIVE_ARCH = YES;
				SDKROOT = iphoneos;
				SWIFT_ACTIVE_COMPILATION_CONDITIONS = DEBUG;
				SWIFT_OPTIMIZATION_LEVEL = "-Onone";
			};
			name = Debug;
		};
		85A683452025FEAB0074754E /* Release */ = {
			isa = XCBuildConfiguration;
			buildSettings = {
				ALWAYS_SEARCH_USER_PATHS = NO;
				CLANG_ANALYZER_NONNULL = YES;
				CLANG_ANALYZER_NUMBER_OBJECT_CONVERSION = YES_AGGRESSIVE;
				CLANG_CXX_LANGUAGE_STANDARD = "gnu++14";
				CLANG_CXX_LIBRARY = "libc++";
				CLANG_ENABLE_MODULES = YES;
				CLANG_ENABLE_OBJC_ARC = YES;
				CLANG_WARN_BLOCK_CAPTURE_AUTORELEASING = YES;
				CLANG_WARN_BOOL_CONVERSION = YES;
				CLANG_WARN_COMMA = YES;
				CLANG_WARN_CONSTANT_CONVERSION = YES;
				CLANG_WARN_DIRECT_OBJC_ISA_USAGE = YES_ERROR;
				CLANG_WARN_DOCUMENTATION_COMMENTS = YES;
				CLANG_WARN_EMPTY_BODY = YES;
				CLANG_WARN_ENUM_CONVERSION = YES;
				CLANG_WARN_INFINITE_RECURSION = YES;
				CLANG_WARN_INT_CONVERSION = YES;
				CLANG_WARN_NON_LITERAL_NULL_CONVERSION = YES;
				CLANG_WARN_OBJC_LITERAL_CONVERSION = YES;
				CLANG_WARN_OBJC_ROOT_CLASS = YES_ERROR;
				CLANG_WARN_RANGE_LOOP_ANALYSIS = YES;
				CLANG_WARN_STRICT_PROTOTYPES = YES;
				CLANG_WARN_SUSPICIOUS_MOVE = YES;
				CLANG_WARN_UNGUARDED_AVAILABILITY = YES_AGGRESSIVE;
				CLANG_WARN_UNREACHABLE_CODE = YES;
				CLANG_WARN__DUPLICATE_METHOD_MATCH = YES;
				CODE_SIGN_IDENTITY = "iPhone Developer";
				COPY_PHASE_STRIP = NO;
				DEBUG_INFORMATION_FORMAT = "dwarf-with-dsym";
				ENABLE_NS_ASSERTIONS = NO;
				ENABLE_STRICT_OBJC_MSGSEND = YES;
				GCC_C_LANGUAGE_STANDARD = gnu11;
				GCC_NO_COMMON_BLOCKS = YES;
				GCC_WARN_64_TO_32_BIT_CONVERSION = YES;
				GCC_WARN_ABOUT_RETURN_TYPE = YES_ERROR;
				GCC_WARN_UNDECLARED_SELECTOR = YES;
				GCC_WARN_UNINITIALIZED_AUTOS = YES_AGGRESSIVE;
				GCC_WARN_UNUSED_FUNCTION = YES;
				GCC_WARN_UNUSED_VARIABLE = YES;
				IPHONEOS_DEPLOYMENT_TARGET = 11.2;
				MTL_ENABLE_DEBUG_INFO = NO;
				SDKROOT = iphoneos;
				SWIFT_OPTIMIZATION_LEVEL = "-Owholemodule";
				VALIDATE_PRODUCT = YES;
			};
			name = Release;
		};
		85A683472025FEAB0074754E /* Debug */ = {
			isa = XCBuildConfiguration;
			buildSettings = {
				ASSETCATALOG_COMPILER_APPICON_NAME = AppIcon;
				CODE_SIGN_IDENTITY = "iPhone Developer";
				"CODE_SIGN_IDENTITY[sdk=iphoneos*]" = "iPhone Developer";
				CODE_SIGN_STYLE = Automatic;
				DEVELOPMENT_TEAM = DB85A83894;
				INFOPLIST_FILE = Lamppost/Info.plist;
				IPHONEOS_DEPLOYMENT_TARGET = 11.0;
				LD_RUNPATH_SEARCH_PATHS = "$(inherited) @executable_path/Frameworks";
				PRODUCT_BUNDLE_IDENTIFIER = com.fwtio.kiOSk;
				PRODUCT_NAME = "$(TARGET_NAME)";
				PROVISIONING_PROFILE = "";
				PROVISIONING_PROFILE_SPECIFIER = "";
				SWIFT_VERSION = 4.0;
				TARGETED_DEVICE_FAMILY = "1,2";
			};
			name = Debug;
		};
		85A683482025FEAB0074754E /* Release */ = {
			isa = XCBuildConfiguration;
			buildSettings = {
				ASSETCATALOG_COMPILER_APPICON_NAME = AppIcon;
				CODE_SIGN_IDENTITY = "iPhone Developer";
				"CODE_SIGN_IDENTITY[sdk=iphoneos*]" = "iPhone Developer";
				CODE_SIGN_STYLE = Automatic;
				DEVELOPMENT_TEAM = DB85A83894;
				INFOPLIST_FILE = Lamppost/Info.plist;
				IPHONEOS_DEPLOYMENT_TARGET = 11.0;
				LD_RUNPATH_SEARCH_PATHS = "$(inherited) @executable_path/Frameworks";
				PRODUCT_BUNDLE_IDENTIFIER = com.fwtio.kiOSk;
				PRODUCT_NAME = "$(TARGET_NAME)";
				PROVISIONING_PROFILE = "";
				PROVISIONING_PROFILE_SPECIFIER = "";
				SWIFT_VERSION = 4.0;
				TARGETED_DEVICE_FAMILY = "1,2";
			};
			name = Release;
		};
/* End XCBuildConfiguration section */

/* Begin XCConfigurationList section */
		85A6832F2025FEAB0074754E /* Build configuration list for PBXProject "kiOSK" */ = {
			isa = XCConfigurationList;
			buildConfigurations = (
				85A683442025FEAB0074754E /* Debug */,
				85A683452025FEAB0074754E /* Release */,
			);
			defaultConfigurationIsVisible = 0;
			defaultConfigurationName = Release;
		};
		85A683462025FEAB0074754E /* Build configuration list for PBXNativeTarget "kiOSK" */ = {
			isa = XCConfigurationList;
			buildConfigurations = (
				85A683472025FEAB0074754E /* Debug */,
				85A683482025FEAB0074754E /* Release */,
			);
			defaultConfigurationIsVisible = 0;
			defaultConfigurationName = Release;
		};
/* End XCConfigurationList section */
	};
	rootObject = 85A6832C2025FEAB0074754E /* Project object */;
}
